// !$*UTF8*$!
{
	archiveVersion = 1;
	classes = {
	};
	objectVersion = 46;
	objects = {

/* Begin PBXAggregateTarget section */
		1DF64A556EC84E7A8659E083 /* ZERO_CHECK */ = {
			isa = PBXAggregateTarget;
			buildConfigurationList = 9D9129238CD7474BAD4885C2 /* Build configuration list for PBXAggregateTarget "ZERO_CHECK" */;
			buildPhases = (
				D4297235998541FC866B38C1 /* CMake Rules */,
			);
			dependencies = (
			);
			name = ZERO_CHECK;
			productName = ZERO_CHECK;
		};
		6C91C777B5C24CC08884FCF8 /* ALL_BUILD */ = {
			isa = PBXAggregateTarget;
			buildConfigurationList = 9CB454F943654E8882A5E7A4 /* Build configuration list for PBXAggregateTarget "ALL_BUILD" */;
			buildPhases = (
				29970495409E40378895FEE0 /* CMake Rules */,
			);
			dependencies = (
				9109BF24DFAE4D3AAC7FA7C7 /* PBXTargetDependency */,
				812E02E5853844898C0940E4 /* PBXTargetDependency */,
			);
			name = ALL_BUILD;
			productName = ALL_BUILD;
		};
/* End PBXAggregateTarget section */

/* Begin PBXBuildFile section */
		DCCE34192BFE4A47BF8A4C6E /* /Users/ahmad/Dropbox/SDND/Term2/Udacity-CarND-PID-Control-Project/src/main.cpp */ = {isa = PBXBuildFile; fileRef = 815394CBF0954D6D9AEAA5EF /* /Users/ahmad/Dropbox/SDND/Term2/Udacity-CarND-PID-Control-Project/src/main.cpp */; };
		DCF53D3F93A042998ABD167C /* /Users/ahmad/Dropbox/SDND/Term2/Udacity-CarND-PID-Control-Project/src/PID.cpp */ = {isa = PBXBuildFile; fileRef = 79AB1F723A674596A4369E3F /* /Users/ahmad/Dropbox/SDND/Term2/Udacity-CarND-PID-Control-Project/src/PID.cpp */; };
		E361B64471584826BC7197D8 /* /Users/ahmad/Dropbox/SDND/Term2/Udacity-CarND-PID-Control-Project/src/PID.h */ = {isa = PBXBuildFile; fileRef = 46C00F6DF6E44353989584E0 /* /Users/ahmad/Dropbox/SDND/Term2/Udacity-CarND-PID-Control-Project/src/PID.h */; };
		F9514056B16C4E8EB79F3616 /* /Users/ahmad/Dropbox/SDND/Term2/Udacity-CarND-PID-Control-Project/CMakeLists.txt */ = {isa = PBXBuildFile; fileRef = 352CEDED2DCF42618EC6E15A /* /Users/ahmad/Dropbox/SDND/Term2/Udacity-CarND-PID-Control-Project/CMakeLists.txt */; };
/* End PBXBuildFile section */

/* Begin PBXBuildStyle section */
		1CFD84308D6641EDB96BFD4E /* Release */ = {
			isa = PBXBuildStyle;
			buildSettings = {
				COPY_PHASE_STRIP = NO;
			};
			name = Release;
		};
		1D75A65818504D40B0CE50D2 /* RelWithDebInfo */ = {
			isa = PBXBuildStyle;
			buildSettings = {
				COPY_PHASE_STRIP = NO;
			};
			name = RelWithDebInfo;
		};
		5E1148BF38B745839E8C19B2 /* MinSizeRel */ = {
			isa = PBXBuildStyle;
			buildSettings = {
				COPY_PHASE_STRIP = NO;
			};
			name = MinSizeRel;
		};
		E32E4C15BBE145E8AA10373F /* Debug */ = {
			isa = PBXBuildStyle;
			buildSettings = {
				COPY_PHASE_STRIP = NO;
			};
			name = Debug;
		};
/* End PBXBuildStyle section */

/* Begin PBXContainerItemProxy section */
		369813F6E58640F5A05E0429 /* PBXContainerItemProxy */ = {
			isa = PBXContainerItemProxy;
			containerPortal = B4A21BEAC10E4424AE274B50 /* Project object */;
			proxyType = 1;
			remoteGlobalIDString = 1DF64A556EC84E7A8659E083;
			remoteInfo = ZERO_CHECK;
		};
		9395C9607979416FB22ED82F /* PBXContainerItemProxy */ = {
			isa = PBXContainerItemProxy;
			containerPortal = B4A21BEAC10E4424AE274B50 /* Project object */;
			proxyType = 1;
			remoteGlobalIDString = C1058452505542CBACB2759B;
			remoteInfo = pid;
		};
		DABFC8A3BA1043FAACBEDE9A /* PBXContainerItemProxy */ = {
			isa = PBXContainerItemProxy;
			containerPortal = B4A21BEAC10E4424AE274B50 /* Project object */;
			proxyType = 1;
			remoteGlobalIDString = 1DF64A556EC84E7A8659E083;
			remoteInfo = ZERO_CHECK;
		};
/* End PBXContainerItemProxy section */

/* Begin PBXFileReference section */
		0F7FF0F3B11E4033A75C3E9F /* /Users/ahmad/Dropbox/SDND/Term2/Udacity-CarND-PID-Control-Project/CMakeLists.txt */ = {isa = PBXFileReference; explicitFileType = sourcecode.text; fileEncoding = 4; name = CMakeLists.txt; path = CMakeLists.txt; sourceTree = SOURCE_ROOT; };
		352CEDED2DCF42618EC6E15A /* /Users/ahmad/Dropbox/SDND/Term2/Udacity-CarND-PID-Control-Project/CMakeLists.txt */ = {isa = PBXFileReference; explicitFileType = sourcecode.text; fileEncoding = 4; name = CMakeLists.txt; path = CMakeLists.txt; sourceTree = SOURCE_ROOT; };
		46C00F6DF6E44353989584E0 /* /Users/ahmad/Dropbox/SDND/Term2/Udacity-CarND-PID-Control-Project/src/PID.h */ = {isa = PBXFileReference; explicitFileType = sourcecode.c.h; fileEncoding = 4; name = PID.h; path = src/PID.h; sourceTree = SOURCE_ROOT; };
		485CAFF4E322438DA21CE93A /* /Users/ahmad/Dropbox/SDND/Term2/Udacity-CarND-PID-Control-Project/CMakeLists.txt */ = {isa = PBXFileReference; explicitFileType = sourcecode.text; fileEncoding = 4; name = CMakeLists.txt; path = CMakeLists.txt; sourceTree = SOURCE_ROOT; };
		79AB1F723A674596A4369E3F /* /Users/ahmad/Dropbox/SDND/Term2/Udacity-CarND-PID-Control-Project/src/PID.cpp */ = {isa = PBXFileReference; explicitFileType = sourcecode.cpp.cpp; fileEncoding = 4; name = PID.cpp; path = src/PID.cpp; sourceTree = SOURCE_ROOT; };
		815394CBF0954D6D9AEAA5EF /* /Users/ahmad/Dropbox/SDND/Term2/Udacity-CarND-PID-Control-Project/src/main.cpp */ = {isa = PBXFileReference; explicitFileType = sourcecode.cpp.cpp; fileEncoding = 4; name = main.cpp; path = src/main.cpp; sourceTree = SOURCE_ROOT; };
		C538B4ACDC58476DB83521E3 /* pid */ = {isa = PBXFileReference; explicitFileType = "compiled.mach-o.executable"; path = pid; sourceTree = BUILT_PRODUCTS_DIR; };
/* End PBXFileReference section */

/* Begin PBXGroup section */
		0E7AE46B07F14C9C81C3985D /* Header Files */ = {
			isa = PBXGroup;
			children = (
				46C00F6DF6E44353989584E0 /* /Users/ahmad/Dropbox/SDND/Term2/Udacity-CarND-PID-Control-Project/src/PID.h */,
			);
			name = "Header Files";
			sourceTree = "<group>";
		};
		1516270D08CC46698E1BEDF5 /* ALL_BUILD */ = {
			isa = PBXGroup;
			children = (
				79F75C588B3A4AC780A3F91A /* CMake Rules */,
				0F7FF0F3B11E4033A75C3E9F /* /Users/ahmad/Dropbox/SDND/Term2/Udacity-CarND-PID-Control-Project/CMakeLists.txt */,
			);
			name = ALL_BUILD;
			sourceTree = "<group>";
		};
		248BA0733D11409B98944734 /* CMake Rules */ = {
			isa = PBXGroup;
			children = (
			);
			name = "CMake Rules";
			sourceTree = "<group>";
		};
		3433D4B6DB134C4DAEA8E08B /* pid */ = {
			isa = PBXGroup;
			children = (
				62152D8D534743F4A799AE23 /* Source Files */,
				0E7AE46B07F14C9C81C3985D /* Header Files */,
				352CEDED2DCF42618EC6E15A /* /Users/ahmad/Dropbox/SDND/Term2/Udacity-CarND-PID-Control-Project/CMakeLists.txt */,
			);
			name = pid;
			sourceTree = "<group>";
		};
		3BC510BD019D4644B062652E = {
			isa = PBXGroup;
			children = (
				3433D4B6DB134C4DAEA8E08B /* pid */,
				1516270D08CC46698E1BEDF5 /* ALL_BUILD */,
				4F6D460C77D14FD2BC12F009 /* ZERO_CHECK */,
				850D7FC61DCE43B68FBD3BD7 /* Products */,
			);
			sourceTree = "<group>";
		};
		4F6D460C77D14FD2BC12F009 /* ZERO_CHECK */ = {
			isa = PBXGroup;
			children = (
				248BA0733D11409B98944734 /* CMake Rules */,
				485CAFF4E322438DA21CE93A /* /Users/ahmad/Dropbox/SDND/Term2/Udacity-CarND-PID-Control-Project/CMakeLists.txt */,
			);
			name = ZERO_CHECK;
			sourceTree = "<group>";
		};
		62152D8D534743F4A799AE23 /* Source Files */ = {
			isa = PBXGroup;
			children = (
				79AB1F723A674596A4369E3F /* /Users/ahmad/Dropbox/SDND/Term2/Udacity-CarND-PID-Control-Project/src/PID.cpp */,
				815394CBF0954D6D9AEAA5EF /* /Users/ahmad/Dropbox/SDND/Term2/Udacity-CarND-PID-Control-Project/src/main.cpp */,
			);
			name = "Source Files";
			sourceTree = "<group>";
		};
		79F75C588B3A4AC780A3F91A /* CMake Rules */ = {
			isa = PBXGroup;
			children = (
			);
			name = "CMake Rules";
			sourceTree = "<group>";
		};
		850D7FC61DCE43B68FBD3BD7 /* Products */ = {
			isa = PBXGroup;
			children = (
				C538B4ACDC58476DB83521E3 /* pid */,
			);
			name = Products;
			sourceTree = "<group>";
		};
/* End PBXGroup section */

/* Begin PBXNativeTarget section */
		C1058452505542CBACB2759B /* pid */ = {
			isa = PBXNativeTarget;
			buildConfigurationList = 54D47908E269482D8AB3FB2E /* Build configuration list for PBXNativeTarget "pid" */;
			buildPhases = (
				058FA72B3A2D4EA5BB3C6257 /* Sources */,
			);
			buildRules = (
			);
			dependencies = (
				EBBEAE7967104348A87ABCE7 /* PBXTargetDependency */,
			);
			name = pid;
			productName = pid;
			productReference = C538B4ACDC58476DB83521E3 /* pid */;
			productType = "com.apple.product-type.tool";
		};
/* End PBXNativeTarget section */

/* Begin PBXProject section */
		B4A21BEAC10E4424AE274B50 /* Project object */ = {
			isa = PBXProject;
			attributes = {
				BuildIndependentTargetsInParallel = YES;
				LastUpgradeCheck = 0910;
			};
			buildConfigurationList = E1FCD72135AC484F847CA77D /* Build configuration list for PBXProject "PID" */;
			buildSettings = {
			};
			buildStyles = (
				E32E4C15BBE145E8AA10373F /* Debug */,
				1CFD84308D6641EDB96BFD4E /* Release */,
				5E1148BF38B745839E8C19B2 /* MinSizeRel */,
				1D75A65818504D40B0CE50D2 /* RelWithDebInfo */,
			);
			compatibilityVersion = "Xcode 3.2";
			hasScannedForEncodings = 0;
			mainGroup = 3BC510BD019D4644B062652E;
			projectDirPath = ../;
			projectRoot = "";
			targets = (
				6C91C777B5C24CC08884FCF8 /* ALL_BUILD */,
				1DF64A556EC84E7A8659E083 /* ZERO_CHECK */,
				C1058452505542CBACB2759B /* pid */,
			);
		};
/* End PBXProject section */

/* Begin PBXShellScriptBuildPhase section */
		29970495409E40378895FEE0 /* CMake Rules */ = {
			isa = PBXShellScriptBuildPhase;
			buildActionMask = 2147483647;
			files = (
			);
			name = "CMake Rules";
			runOnlyForDeploymentPostprocessing = 0;
			shellPath = /bin/sh;
			shellScript = "make -C /Users/ahmad/Dropbox/SDND/Term2/Udacity-CarND-PID-Control-Project/xcode -f /Users/ahmad/Dropbox/SDND/Term2/Udacity-CarND-PID-Control-Project/xcode/CMakeScripts/ALL_BUILD_cmakeRulesBuildPhase.make$CONFIGURATION all";
			showEnvVarsInLog = 0;
		};
		CC6CBDDB7984450F9954F18E = {
			isa = PBXShellScriptBuildPhase;
			buildActionMask = 2147483647;
			files = (
			);
			inputPaths = (
			);
			outputPaths = (
			);
			runOnlyForDeploymentPostprocessing = 0;
			shellPath = /bin/sh;
			shellScript = "# shell script goes here
exit 0";
			showEnvVarsInLog = 0;
		};
		CE2AD5F398D14F43897707BD = {
			isa = PBXShellScriptBuildPhase;
			buildActionMask = 2147483647;
			files = (
			);
			inputPaths = (
			);
			outputPaths = (
			);
			runOnlyForDeploymentPostprocessing = 0;
			shellPath = /bin/sh;
			shellScript = "# shell script goes here
exit 0";
			showEnvVarsInLog = 0;
		};
		D4297235998541FC866B38C1 /* CMake Rules */ = {
			isa = PBXShellScriptBuildPhase;
			buildActionMask = 2147483647;
			files = (
			);
			name = "CMake Rules";
			runOnlyForDeploymentPostprocessing = 0;
			shellPath = /bin/sh;
			shellScript = "make -C /Users/ahmad/Dropbox/SDND/Term2/Udacity-CarND-PID-Control-Project/xcode -f /Users/ahmad/Dropbox/SDND/Term2/Udacity-CarND-PID-Control-Project/xcode/CMakeScripts/ZERO_CHECK_cmakeRulesBuildPhase.make$CONFIGURATION all";
			showEnvVarsInLog = 0;
		};
/* End PBXShellScriptBuildPhase section */

/* Begin PBXSourcesBuildPhase section */
		058FA72B3A2D4EA5BB3C6257 /* Sources */ = {
			isa = PBXSourcesBuildPhase;
			buildActionMask = 2147483647;
			files = (
				DCF53D3F93A042998ABD167C /* /Users/ahmad/Dropbox/SDND/Term2/Udacity-CarND-PID-Control-Project/src/PID.cpp */,
				DCCE34192BFE4A47BF8A4C6E /* /Users/ahmad/Dropbox/SDND/Term2/Udacity-CarND-PID-Control-Project/src/main.cpp */,
			);
			runOnlyForDeploymentPostprocessing = 0;
		};
/* End PBXSourcesBuildPhase section */

/* Begin PBXTargetDependency section */
		812E02E5853844898C0940E4 /* PBXTargetDependency */ = {
			isa = PBXTargetDependency;
			target = 1DF64A556EC84E7A8659E083 /* ZERO_CHECK */;
			targetProxy = DABFC8A3BA1043FAACBEDE9A /* PBXContainerItemProxy */;
		};
		9109BF24DFAE4D3AAC7FA7C7 /* PBXTargetDependency */ = {
			isa = PBXTargetDependency;
			target = C1058452505542CBACB2759B /* pid */;
			targetProxy = 9395C9607979416FB22ED82F /* PBXContainerItemProxy */;
		};
		EBBEAE7967104348A87ABCE7 /* PBXTargetDependency */ = {
			isa = PBXTargetDependency;
			target = 1DF64A556EC84E7A8659E083 /* ZERO_CHECK */;
			targetProxy = 369813F6E58640F5A05E0429 /* PBXContainerItemProxy */;
		};
/* End PBXTargetDependency section */

/* Begin XCBuildConfiguration section */
		09CBC40E31CF49AA823FFBF6 /* Release */ = {
			isa = XCBuildConfiguration;
			buildSettings = {
				COMBINE_HIDPI_IMAGES = YES;
				GCC_GENERATE_DEBUGGING_SYMBOLS = YES;
				GCC_INLINES_ARE_PRIVATE_EXTERN = NO;
				GCC_OPTIMIZATION_LEVEL = 0;
				GCC_PREPROCESSOR_DEFINITIONS = ("'CMAKE_INTDIR=\"$(CONFIGURATION)$(EFFECTIVE_PLATFORM_NAME)\"'");
				GCC_SYMBOLS_PRIVATE_EXTERN = NO;
				HEADER_SEARCH_PATHS = (/usr/local/include,/usr/local/opt/openssl/include);
				INSTALL_PATH = "";
				OTHER_LDFLAGS = " ";
				OTHER_REZFLAGS = "";
				PRODUCT_NAME = ZERO_CHECK;
				SECTORDER_FLAGS = "";
				SYMROOT = "/Users/ahmad/Dropbox/SDND/Term2/Udacity-CarND-PID-Control-Project/xcode";
				USE_HEADERMAP = NO;
				WARNING_CFLAGS = ("-Wmost","-Wno-four-char-constants","-Wno-unknown-pragmas","$(inherited)");
			};
			name = Release;
		};
		0F052015A2D543FF812857CF /* Release */ = {
			isa = XCBuildConfiguration;
			buildSettings = {
				MACOSX_DEPLOYMENT_TARGET = 10.12;
				ONLY_ACTIVE_ARCH = YES;
				SDKROOT = /Applications/Xcode.app/Contents/Developer/Platforms/MacOSX.platform/Developer/SDKs/MacOSX10.13.sdk;
				SYMROOT = "/Users/ahmad/Dropbox/SDND/Term2/Udacity-CarND-PID-Control-Project/xcode/build";
			};
			name = Release;
		};
		25E7FB94687642BCBEEAEDD2 /* Debug */ = {
			isa = XCBuildConfiguration;
			buildSettings = {
				COMBINE_HIDPI_IMAGES = YES;
				EXECUTABLE_PREFIX = "";
				EXECUTABLE_SUFFIX = "";
				GCC_GENERATE_DEBUGGING_SYMBOLS = YES;
				GCC_INLINES_ARE_PRIVATE_EXTERN = NO;
				GCC_OPTIMIZATION_LEVEL = 0;
				GCC_PREPROCESSOR_DEFINITIONS = ("'CMAKE_INTDIR=\"$(CONFIGURATION)$(EFFECTIVE_PLATFORM_NAME)\"'");
				GCC_SYMBOLS_PRIVATE_EXTERN = NO;
				HEADER_SEARCH_PATHS = (/usr/local/include,/usr/local/opt/openssl/include);
				INSTALL_PATH = "";
				LD_RUNPATH_SEARCH_PATHS = "/usr/local/lib /usr/local/opt/openssl/lib /usr/local/Cellar/libuv/1*/lib";
				LIBRARY_SEARCH_PATHS = " /usr/local/lib/$(CONFIGURATION)$(EFFECTIVE_PLATFORM_NAME) /usr/local/lib /usr/local/opt/openssl/lib/$(CONFIGURATION)$(EFFECTIVE_PLATFORM_NAME) /usr/local/opt/openssl/lib /usr/local/Cellar/libuv/1*/lib/$(CONFIGURATION)$(EFFECTIVE_PLATFORM_NAME) /usr/local/Cellar/libuv/1*/lib";
				OTHER_CPLUSPLUSFLAGS = "-Wall      -std=c++11";
				OTHER_LDFLAGS = " -Wl,-search_paths_first -Wl,-headerpad_max_install_names  -lz -lssl -luv -luWS";
				OTHER_REZFLAGS = "";
				PRODUCT_NAME = pid;
				SECTORDER_FLAGS = "";
				SYMROOT = "/Users/ahmad/Dropbox/SDND/Term2/Udacity-CarND-PID-Control-Project/xcode";
				USE_HEADERMAP = NO;
				WARNING_CFLAGS = ("-Wmost","-Wno-four-char-constants","-Wno-unknown-pragmas","$(inherited)");
			};
			name = Debug;
		};
		3EEE6BD43BD34F158D806AA4 /* Release */ = {
			isa = XCBuildConfiguration;
			buildSettings = {
				COMBINE_HIDPI_IMAGES = YES;
				GCC_GENERATE_DEBUGGING_SYMBOLS = YES;
				GCC_INLINES_ARE_PRIVATE_EXTERN = NO;
				GCC_OPTIMIZATION_LEVEL = 0;
				GCC_PREPROCESSOR_DEFINITIONS = ("'CMAKE_INTDIR=\"$(CONFIGURATION)$(EFFECTIVE_PLATFORM_NAME)\"'");
				GCC_SYMBOLS_PRIVATE_EXTERN = NO;
				HEADER_SEARCH_PATHS = (/usr/local/include,/usr/local/opt/openssl/include);
				INSTALL_PATH = "";
				OTHER_LDFLAGS = " ";
				OTHER_REZFLAGS = "";
				PRODUCT_NAME = ALL_BUILD;
				SECTORDER_FLAGS = "";
				SYMROOT = "/Users/ahmad/Dropbox/SDND/Term2/Udacity-CarND-PID-Control-Project/xcode";
				USE_HEADERMAP = NO;
				WARNING_CFLAGS = ("-Wmost","-Wno-four-char-constants","-Wno-unknown-pragmas","$(inherited)");
			};
			name = Release;
		};
		4A2DA470C4B74E4AA655D3B9 /* MinSizeRel */ = {
			isa = XCBuildConfiguration;
			buildSettings = {
				COMBINE_HIDPI_IMAGES = YES;
				EXECUTABLE_PREFIX = "";
				EXECUTABLE_SUFFIX = "";
				GCC_GENERATE_DEBUGGING_SYMBOLS = NO;
				GCC_INLINES_ARE_PRIVATE_EXTERN = NO;
				GCC_OPTIMIZATION_LEVEL = s;
				GCC_PREPROCESSOR_DEFINITIONS = ("'CMAKE_INTDIR=\"$(CONFIGURATION)$(EFFECTIVE_PLATFORM_NAME)\"'");
				GCC_SYMBOLS_PRIVATE_EXTERN = NO;
				HEADER_SEARCH_PATHS = (/usr/local/include,/usr/local/opt/openssl/include);
				INSTALL_PATH = "";
				LD_RUNPATH_SEARCH_PATHS = "/usr/local/lib /usr/local/opt/openssl/lib /usr/local/Cellar/libuv/1*/lib";
				LIBRARY_SEARCH_PATHS = " /usr/local/lib/$(CONFIGURATION)$(EFFECTIVE_PLATFORM_NAME) /usr/local/lib /usr/local/opt/openssl/lib/$(CONFIGURATION)$(EFFECTIVE_PLATFORM_NAME) /usr/local/opt/openssl/lib /usr/local/Cellar/libuv/1*/lib/$(CONFIGURATION)$(EFFECTIVE_PLATFORM_NAME) /usr/local/Cellar/libuv/1*/lib";
				OTHER_CPLUSPLUSFLAGS = "-Wall     -DNDEBUG   -std=c++11";
				OTHER_LDFLAGS = " -Wl,-search_paths_first -Wl,-headerpad_max_install_names  -lz -lssl -luv -luWS";
				OTHER_REZFLAGS = "";
				PRODUCT_NAME = pid;
				SECTORDER_FLAGS = "";
				SYMROOT = "/Users/ahmad/Dropbox/SDND/Term2/Udacity-CarND-PID-Control-Project/xcode";
				USE_HEADERMAP = NO;
				WARNING_CFLAGS = ("-Wmost","-Wno-four-char-constants","-Wno-unknown-pragmas","$(inherited)");
			};
			name = MinSizeRel;
		};
		61D7F285E7894BA6BB201803 /* RelWithDebInfo */ = {
			isa = XCBuildConfiguration;
			buildSettings = {
				COMBINE_HIDPI_IMAGES = YES;
				GCC_GENERATE_DEBUGGING_SYMBOLS = YES;
				GCC_INLINES_ARE_PRIVATE_EXTERN = NO;
				GCC_OPTIMIZATION_LEVEL = 0;
				GCC_PREPROCESSOR_DEFINITIONS = ("'CMAKE_INTDIR=\"$(CONFIGURATION)$(EFFECTIVE_PLATFORM_NAME)\"'");
				GCC_SYMBOLS_PRIVATE_EXTERN = NO;
				HEADER_SEARCH_PATHS = (/usr/local/include,/usr/local/opt/openssl/include);
				INSTALL_PATH = "";
				OTHER_LDFLAGS = " ";
				OTHER_REZFLAGS = "";
				PRODUCT_NAME = ALL_BUILD;
				SECTORDER_FLAGS = "";
				SYMROOT = "/Users/ahmad/Dropbox/SDND/Term2/Udacity-CarND-PID-Control-Project/xcode";
				USE_HEADERMAP = NO;
				WARNING_CFLAGS = ("-Wmost","-Wno-four-char-constants","-Wno-unknown-pragmas","$(inherited)");
			};
			name = RelWithDebInfo;
		};
		6E542DC69CFA4C928A60ADD9 /* MinSizeRel */ = {
			isa = XCBuildConfiguration;
			buildSettings = {
				MACOSX_DEPLOYMENT_TARGET = 10.12;
				ONLY_ACTIVE_ARCH = YES;
				SDKROOT = /Applications/Xcode.app/Contents/Developer/Platforms/MacOSX.platform/Developer/SDKs/MacOSX10.13.sdk;
				SYMROOT = "/Users/ahmad/Dropbox/SDND/Term2/Udacity-CarND-PID-Control-Project/xcode/build";
			};
			name = MinSizeRel;
		};
		71B0087CB6314E79AD981FCD /* Release */ = {
			isa = XCBuildConfiguration;
			buildSettings = {
				COMBINE_HIDPI_IMAGES = YES;
				EXECUTABLE_PREFIX = "";
				EXECUTABLE_SUFFIX = "";
				GCC_GENERATE_DEBUGGING_SYMBOLS = NO;
				GCC_INLINES_ARE_PRIVATE_EXTERN = NO;
				GCC_OPTIMIZATION_LEVEL = 3;
				GCC_PREPROCESSOR_DEFINITIONS = ("'CMAKE_INTDIR=\"$(CONFIGURATION)$(EFFECTIVE_PLATFORM_NAME)\"'");
				GCC_SYMBOLS_PRIVATE_EXTERN = NO;
				HEADER_SEARCH_PATHS = (/usr/local/include,/usr/local/opt/openssl/include);
				INSTALL_PATH = "";
				LD_RUNPATH_SEARCH_PATHS = "/usr/local/lib /usr/local/opt/openssl/lib /usr/local/Cellar/libuv/1*/lib";
				LIBRARY_SEARCH_PATHS = " /usr/local/lib/$(CONFIGURATION)$(EFFECTIVE_PLATFORM_NAME) /usr/local/lib /usr/local/opt/openssl/lib/$(CONFIGURATION)$(EFFECTIVE_PLATFORM_NAME) /usr/local/opt/openssl/lib /usr/local/Cellar/libuv/1*/lib/$(CONFIGURATION)$(EFFECTIVE_PLATFORM_NAME) /usr/local/Cellar/libuv/1*/lib";
				OTHER_CPLUSPLUSFLAGS = "-Wall     -DNDEBUG   -std=c++11";
				OTHER_LDFLAGS = " -Wl,-search_paths_first -Wl,-headerpad_max_install_names  -lz -lssl -luv -luWS";
				OTHER_REZFLAGS = "";
				PRODUCT_NAME = pid;
				SECTORDER_FLAGS = "";
				SYMROOT = "/Users/ahmad/Dropbox/SDND/Term2/Udacity-CarND-PID-Control-Project/xcode";
				USE_HEADERMAP = NO;
				WARNING_CFLAGS = ("-Wmost","-Wno-four-char-constants","-Wno-unknown-pragmas","$(inherited)");
			};
			name = Release;
		};
		791241F6ADC34142BFACF3DB /* Debug */ = {
			isa = XCBuildConfiguration;
			buildSettings = {
				COMBINE_HIDPI_IMAGES = YES;
				GCC_GENERATE_DEBUGGING_SYMBOLS = YES;
				GCC_INLINES_ARE_PRIVATE_EXTERN = NO;
				GCC_OPTIMIZATION_LEVEL = 0;
				GCC_PREPROCESSOR_DEFINITIONS = ("'CMAKE_INTDIR=\"$(CONFIGURATION)$(EFFECTIVE_PLATFORM_NAME)\"'");
				GCC_SYMBOLS_PRIVATE_EXTERN = NO;
				HEADER_SEARCH_PATHS = (/usr/local/include,/usr/local/opt/openssl/include);
				INSTALL_PATH = "";
				OTHER_LDFLAGS = " ";
				OTHER_REZFLAGS = "";
				PRODUCT_NAME = ZERO_CHECK;
				SECTORDER_FLAGS = "";
				SYMROOT = "/Users/ahmad/Dropbox/SDND/Term2/Udacity-CarND-PID-Control-Project/xcode";
				USE_HEADERMAP = NO;
				WARNING_CFLAGS = ("-Wmost","-Wno-four-char-constants","-Wno-unknown-pragmas","$(inherited)");
			};
			name = Debug;
		};
		AF42014EA07D46B9ADC7FC54 /* Debug */ = {
			isa = XCBuildConfiguration;
			buildSettings = {
				MACOSX_DEPLOYMENT_TARGET = 10.12;
				ONLY_ACTIVE_ARCH = YES;
				SDKROOT = /Applications/Xcode.app/Contents/Developer/Platforms/MacOSX.platform/Developer/SDKs/MacOSX10.13.sdk;
				SYMROOT = "/Users/ahmad/Dropbox/SDND/Term2/Udacity-CarND-PID-Control-Project/xcode/build";
			};
			name = Debug;
		};
		C56028F1173E47E5B0CB63F9 /* RelWithDebInfo */ = {
			isa = XCBuildConfiguration;
			buildSettings = {
				COMBINE_HIDPI_IMAGES = YES;
				GCC_GENERATE_DEBUGGING_SYMBOLS = YES;
				GCC_INLINES_ARE_PRIVATE_EXTERN = NO;
				GCC_OPTIMIZATION_LEVEL = 0;
				GCC_PREPROCESSOR_DEFINITIONS = ("'CMAKE_INTDIR=\"$(CONFIGURATION)$(EFFECTIVE_PLATFORM_NAME)\"'");
				GCC_SYMBOLS_PRIVATE_EXTERN = NO;
				HEADER_SEARCH_PATHS = (/usr/local/include,/usr/local/opt/openssl/include);
				INSTALL_PATH = "";
				OTHER_LDFLAGS = " ";
				OTHER_REZFLAGS = "";
				PRODUCT_NAME = ZERO_CHECK;
				SECTORDER_FLAGS = "";
				SYMROOT = "/Users/ahmad/Dropbox/SDND/Term2/Udacity-CarND-PID-Control-Project/xcode";
				USE_HEADERMAP = NO;
				WARNING_CFLAGS = ("-Wmost","-Wno-four-char-constants","-Wno-unknown-pragmas","$(inherited)");
			};
			name = RelWithDebInfo;
		};
		C80F99E7135746F69CEAF6EB /* Debug */ = {
			isa = XCBuildConfiguration;
			buildSettings = {
				COMBINE_HIDPI_IMAGES = YES;
				GCC_GENERATE_DEBUGGING_SYMBOLS = YES;
				GCC_INLINES_ARE_PRIVATE_EXTERN = NO;
				GCC_OPTIMIZATION_LEVEL = 0;
				GCC_PREPROCESSOR_DEFINITIONS = ("'CMAKE_INTDIR=\"$(CONFIGURATION)$(EFFECTIVE_PLATFORM_NAME)\"'");
				GCC_SYMBOLS_PRIVATE_EXTERN = NO;
				HEADER_SEARCH_PATHS = (/usr/local/include,/usr/local/opt/openssl/include);
				INSTALL_PATH = "";
				OTHER_LDFLAGS = " ";
				OTHER_REZFLAGS = "";
				PRODUCT_NAME = ALL_BUILD;
				SECTORDER_FLAGS = "";
				SYMROOT = "/Users/ahmad/Dropbox/SDND/Term2/Udacity-CarND-PID-Control-Project/xcode";
				USE_HEADERMAP = NO;
				WARNING_CFLAGS = ("-Wmost","-Wno-four-char-constants","-Wno-unknown-pragmas","$(inherited)");
			};
			name = Debug;
		};
		DEC491F32BB9432B83234934 /* MinSizeRel */ = {
			isa = XCBuildConfiguration;
			buildSettings = {
				COMBINE_HIDPI_IMAGES = YES;
				GCC_GENERATE_DEBUGGING_SYMBOLS = YES;
				GCC_INLINES_ARE_PRIVATE_EXTERN = NO;
				GCC_OPTIMIZATION_LEVEL = 0;
				GCC_PREPROCESSOR_DEFINITIONS = ("'CMAKE_INTDIR=\"$(CONFIGURATION)$(EFFECTIVE_PLATFORM_NAME)\"'");
				GCC_SYMBOLS_PRIVATE_EXTERN = NO;
				HEADER_SEARCH_PATHS = (/usr/local/include,/usr/local/opt/openssl/include);
				INSTALL_PATH = "";
				OTHER_LDFLAGS = " ";
				OTHER_REZFLAGS = "";
				PRODUCT_NAME = ALL_BUILD;
				SECTORDER_FLAGS = "";
				SYMROOT = "/Users/ahmad/Dropbox/SDND/Term2/Udacity-CarND-PID-Control-Project/xcode";
				USE_HEADERMAP = NO;
				WARNING_CFLAGS = ("-Wmost","-Wno-four-char-constants","-Wno-unknown-pragmas","$(inherited)");
			};
			name = MinSizeRel;
		};
		DF5281469B084EBAB9982E8A /* RelWithDebInfo */ = {
			isa = XCBuildConfiguration;
			buildSettings = {
				MACOSX_DEPLOYMENT_TARGET = 10.12;
				ONLY_ACTIVE_ARCH = YES;
				SDKROOT = /Applications/Xcode.app/Contents/Developer/Platforms/MacOSX.platform/Developer/SDKs/MacOSX10.13.sdk;
				SYMROOT = "/Users/ahmad/Dropbox/SDND/Term2/Udacity-CarND-PID-Control-Project/xcode/build";
			};
			name = RelWithDebInfo;
		};
		E67A77E555104045A3A7CFC9 /* RelWithDebInfo */ = {
			isa = XCBuildConfiguration;
			buildSettings = {
				COMBINE_HIDPI_IMAGES = YES;
				EXECUTABLE_PREFIX = "";
				EXECUTABLE_SUFFIX = "";
				GCC_GENERATE_DEBUGGING_SYMBOLS = YES;
				GCC_INLINES_ARE_PRIVATE_EXTERN = NO;
				GCC_OPTIMIZATION_LEVEL = 2;
				GCC_PREPROCESSOR_DEFINITIONS = ("'CMAKE_INTDIR=\"$(CONFIGURATION)$(EFFECTIVE_PLATFORM_NAME)\"'");
				GCC_SYMBOLS_PRIVATE_EXTERN = NO;
				HEADER_SEARCH_PATHS = (/usr/local/include,/usr/local/opt/openssl/include);
				INSTALL_PATH = "";
				LD_RUNPATH_SEARCH_PATHS = "/usr/local/lib /usr/local/opt/openssl/lib /usr/local/Cellar/libuv/1*/lib";
				LIBRARY_SEARCH_PATHS = " /usr/local/lib/$(CONFIGURATION)$(EFFECTIVE_PLATFORM_NAME) /usr/local/lib /usr/local/opt/openssl/lib/$(CONFIGURATION)$(EFFECTIVE_PLATFORM_NAME) /usr/local/opt/openssl/lib /usr/local/Cellar/libuv/1*/lib/$(CONFIGURATION)$(EFFECTIVE_PLATFORM_NAME) /usr/local/Cellar/libuv/1*/lib";
				OTHER_CPLUSPLUSFLAGS = "-Wall        -DNDEBUG   -std=c++11";
				OTHER_LDFLAGS = " -Wl,-search_paths_first -Wl,-headerpad_max_install_names  -lz -lssl -luv -luWS";
				OTHER_REZFLAGS = "";
				PRODUCT_NAME = pid;
				SECTORDER_FLAGS = "";
				SYMROOT = "/Users/ahmad/Dropbox/SDND/Term2/Udacity-CarND-PID-Control-Project/xcode";
				USE_HEADERMAP = NO;
				WARNING_CFLAGS = ("-Wmost","-Wno-four-char-constants","-Wno-unknown-pragmas","$(inherited)");
			};
			name = RelWithDebInfo;
		};
		FB0ADBB38B1E4B2DBF3D68F8 /* MinSizeRel */ = {
			isa = XCBuildConfiguration;
			buildSettings = {
				COMBINE_HIDPI_IMAGES = YES;
				GCC_GENERATE_DEBUGGING_SYMBOLS = YES;
				GCC_INLINES_ARE_PRIVATE_EXTERN = NO;
				GCC_OPTIMIZATION_LEVEL = 0;
				GCC_PREPROCESSOR_DEFINITIONS = ("'CMAKE_INTDIR=\"$(CONFIGURATION)$(EFFECTIVE_PLATFORM_NAME)\"'");
				GCC_SYMBOLS_PRIVATE_EXTERN = NO;
				HEADER_SEARCH_PATHS = (/usr/local/include,/usr/local/opt/openssl/include);
				INSTALL_PATH = "";
				OTHER_LDFLAGS = " ";
				OTHER_REZFLAGS = "";
				PRODUCT_NAME = ZERO_CHECK;
				SECTORDER_FLAGS = "";
				SYMROOT = "/Users/ahmad/Dropbox/SDND/Term2/Udacity-CarND-PID-Control-Project/xcode";
				USE_HEADERMAP = NO;
				WARNING_CFLAGS = ("-Wmost","-Wno-four-char-constants","-Wno-unknown-pragmas","$(inherited)");
			};
			name = MinSizeRel;
		};
/* End XCBuildConfiguration section */

/* Begin XCConfigurationList section */
		54D47908E269482D8AB3FB2E /* Build configuration list for PBXNativeTarget "pid" */ = {
			isa = XCConfigurationList;
			buildConfigurations = (
				25E7FB94687642BCBEEAEDD2 /* Debug */,
				71B0087CB6314E79AD981FCD /* Release */,
				4A2DA470C4B74E4AA655D3B9 /* MinSizeRel */,
				E67A77E555104045A3A7CFC9 /* RelWithDebInfo */,
			);
			defaultConfigurationIsVisible = 0;
			defaultConfigurationName = Debug;
		};
		9CB454F943654E8882A5E7A4 /* Build configuration list for PBXAggregateTarget "ALL_BUILD" */ = {
			isa = XCConfigurationList;
			buildConfigurations = (
				C80F99E7135746F69CEAF6EB /* Debug */,
				3EEE6BD43BD34F158D806AA4 /* Release */,
				DEC491F32BB9432B83234934 /* MinSizeRel */,
				61D7F285E7894BA6BB201803 /* RelWithDebInfo */,
			);
			defaultConfigurationIsVisible = 0;
			defaultConfigurationName = Debug;
		};
		9D9129238CD7474BAD4885C2 /* Build configuration list for PBXAggregateTarget "ZERO_CHECK" */ = {
			isa = XCConfigurationList;
			buildConfigurations = (
				791241F6ADC34142BFACF3DB /* Debug */,
				09CBC40E31CF49AA823FFBF6 /* Release */,
				FB0ADBB38B1E4B2DBF3D68F8 /* MinSizeRel */,
				C56028F1173E47E5B0CB63F9 /* RelWithDebInfo */,
			);
			defaultConfigurationIsVisible = 0;
			defaultConfigurationName = Debug;
		};
		E1FCD72135AC484F847CA77D /* Build configuration list for PBXProject "PID" */ = {
			isa = XCConfigurationList;
			buildConfigurations = (
				AF42014EA07D46B9ADC7FC54 /* Debug */,
				0F052015A2D543FF812857CF /* Release */,
				6E542DC69CFA4C928A60ADD9 /* MinSizeRel */,
				DF5281469B084EBAB9982E8A /* RelWithDebInfo */,
			);
			defaultConfigurationIsVisible = 0;
			defaultConfigurationName = Debug;
		};
/* End XCConfigurationList section */
	};
	rootObject = B4A21BEAC10E4424AE274B50 /* Project object */;
}
